
Microsoft Visual Studio Solution File, Format Version 12.00
# Visual Studio Version 17
VisualStudioVersion = 17.2.32526.322
MinimumVisualStudioVersion = 10.0.40219.1
Project("{9A19103F-16F7-4668-BE54-9A1E7A4F7556}") = "LeetCode", "LeetCode\LeetCode.csproj", "{40E02CFD-AA85-49BF-A52C-C128924036FF}"
EndProject
Project("{9A19103F-16F7-4668-BE54-9A1E7A4F7556}") = "LeetCode.Tests", "LeetCode.Tests\LeetCode.Tests.csproj", "{0F284EBF-7551-40CE-B50E-CE7D8D2B7019}"
EndProject
Project("{2150E333-8FDC-42A3-9474-1A3956D46DE8}") = "DataStructures", "DataStructures", "{FDC7D4F6-7298-4CED-9E09-A7C5C4977E69}"
EndProject
Project("{2150E333-8FDC-42A3-9474-1A3956D46DE8}") = "Leetcode", "Leetcode", "{EDC420D7-A0EA-4797-A63C-A7BDD3E5B90E}"
EndProject
Project("{2150E333-8FDC-42A3-9474-1A3956D46DE8}") = "Algorithms", "Algorithms", "{FA055CF9-8B39-463B-98AF-F16EE95935F8}"
EndProject
Project("{9A19103F-16F7-4668-BE54-9A1E7A4F7556}") = "Algorithms", "Algorithms\Algorithms.csproj", "{57C8E7FF-2706-4948-80B9-916532EE9F75}"
EndProject
Project("{9A19103F-16F7-4668-BE54-9A1E7A4F7556}") = "Algorithms.Test", "Algorithms.Test\Algorithms.Test.csproj", "{28DAFE81-EC0F-4016-826F-E8504696C07F}"
EndProject
Project("{9A19103F-16F7-4668-BE54-9A1E7A4F7556}") = "DataStructures", "DataStructures\DataStructures.csproj", "{91FF7D65-5A04-4D98-B8C1-4A0EFE31DF6E}"
EndProject
Project("{9A19103F-16F7-4668-BE54-9A1E7A4F7556}") = "DataStructures.Tests", "DataStructures.Tests\DataStructures.Tests.csproj", "{CCD80CE6-4BFA-494C-9DB8-B85DFA3DDBE4}"
EndProject
Global
	GlobalSection(SolutionConfigurationPlatforms) = preSolution
		Debug|Any CPU = Debug|Any CPU
		Release|Any CPU = Release|Any CPU
	EndGlobalSection
	GlobalSection(ProjectConfigurationPlatforms) = postSolution
		{40E02CFD-AA85-49BF-A52C-C128924036FF}.Debug|Any CPU.ActiveCfg = Debug|Any CPU
		{40E02CFD-AA85-49BF-A52C-C128924036FF}.Debug|Any CPU.Build.0 = Debug|Any CPU
		{40E02CFD-AA85-49BF-A52C-C128924036FF}.Release|Any CPU.ActiveCfg = Release|Any CPU
		{40E02CFD-AA85-49BF-A52C-C128924036FF}.Release|Any CPU.Build.0 = Release|Any CPU
		{0F284EBF-7551-40CE-B50E-CE7D8D2B7019}.Debug|Any CPU.ActiveCfg = Debug|Any CPU
		{0F284EBF-7551-40CE-B50E-CE7D8D2B7019}.Debug|Any CPU.Build.0 = Debug|Any CPU
		{0F284EBF-7551-40CE-B50E-CE7D8D2B7019}.Release|Any CPU.ActiveCfg = Release|Any CPU
		{0F284EBF-7551-40CE-B50E-CE7D8D2B7019}.Release|Any CPU.Build.0 = Release|Any CPU
		{57C8E7FF-2706-4948-80B9-916532EE9F75}.Debug|Any CPU.ActiveCfg = Debug|Any CPU
		{57C8E7FF-2706-4948-80B9-916532EE9F75}.Debug|Any CPU.Build.0 = Debug|Any CPU
		{57C8E7FF-2706-4948-80B9-916532EE9F75}.Release|Any CPU.ActiveCfg = Release|Any CPU
		{57C8E7FF-2706-4948-80B9-916532EE9F75}.Release|Any CPU.Build.0 = Release|Any CPU
		{28DAFE81-EC0F-4016-826F-E8504696C07F}.Debug|Any CPU.ActiveCfg = Debug|Any CPU
		{28DAFE81-EC0F-4016-826F-E8504696C07F}.Debug|Any CPU.Build.0 = Debug|Any CPU
		{28DAFE81-EC0F-4016-826F-E8504696C07F}.Release|Any CPU.ActiveCfg = Release|Any CPU
		{28DAFE81-EC0F-4016-826F-E8504696C07F}.Release|Any CPU.Build.0 = Release|Any CPU
		{91FF7D65-5A04-4D98-B8C1-4A0EFE31DF6E}.Debug|Any CPU.ActiveCfg = Debug|Any CPU
		{91FF7D65-5A04-4D98-B8C1-4A0EFE31DF6E}.Debug|Any CPU.Build.0 = Debug|Any CPU
		{91FF7D65-5A04-4D98-B8C1-4A0EFE31DF6E}.Release|Any CPU.ActiveCfg = Release|Any CPU
		{91FF7D65-5A04-4D98-B8C1-4A0EFE31DF6E}.Release|Any CPU.Build.0 = Release|Any CPU
		{CCD80CE6-4BFA-494C-9DB8-B85DFA3DDBE4}.Debug|Any CPU.ActiveCfg = Debug|Any CPU
		{CCD80CE6-4BFA-494C-9DB8-B85DFA3DDBE4}.Debug|Any CPU.Build.0 = Debug|Any CPU
		{CCD80CE6-4BFA-494C-9DB8-B85DFA3DDBE4}.Release|Any CPU.ActiveCfg = Release|Any CPU
		{CCD80CE6-4BFA-494C-9DB8-B85DFA3DDBE4}.Release|Any CPU.Build.0 = Release|Any CPU
	EndGlobalSection
	GlobalSection(SolutionProperties) = preSolution
		HideSolutionNode = FALSE
	EndGlobalSection
	GlobalSection(NestedProjects) = preSolution
		{40E02CFD-AA85-49BF-A52C-C128924036FF} = {EDC420D7-A0EA-4797-A63C-A7BDD3E5B90E}
		{0F284EBF-7551-40CE-B50E-CE7D8D2B7019} = {EDC420D7-A0EA-4797-A63C-A7BDD3E5B90E}
		{57C8E7FF-2706-4948-80B9-916532EE9F75} = {FA055CF9-8B39-463B-98AF-F16EE95935F8}
		{28DAFE81-EC0F-4016-826F-E8504696C07F} = {FA055CF9-8B39-463B-98AF-F16EE95935F8}
		{91FF7D65-5A04-4D98-B8C1-4A0EFE31DF6E} = {FDC7D4F6-7298-4CED-9E09-A7C5C4977E69}
		{CCD80CE6-4BFA-494C-9DB8-B85DFA3DDBE4} = {FDC7D4F6-7298-4CED-9E09-A7C5C4977E69}
	EndGlobalSection
	GlobalSection(ExtensibilityGlobals) = postSolution
		SolutionGuid = {7D2946C4-066E-4EEE-BE13-7C3E64088E0A}
	EndGlobalSection
EndGlobal
