
Microsoft Visual Studio Solution File, Format Version 12.00
# Visual Studio Version 17
VisualStudioVersion = 17.2.32526.322
MinimumVisualStudioVersion = 10.0.40219.1
Project("{FAE04EC0-301F-11D3-BF4B-00C04F79EFBC}") = "LeetCode", "LeetCode\LeetCode.csproj", "{40E02CFD-AA85-49BF-A52C-C128924036FF}"
EndProject
Project("{FAE04EC0-301F-11D3-BF4B-00C04F79EFBC}") = "LeetCode.Tests", "LeetCode.Tests\LeetCode.Tests.csproj", "{0F284EBF-7551-40CE-B50E-CE7D8D2B7019}"
EndProject
Project("{FAE04EC0-301F-11D3-BF4B-00C04F79EFBC}") = "Linked List Construction", "Linked List Construction\Linked List Construction.csproj", "{D5C853E6-E9CA-4414-A99F-A81DE271E94D}"
EndProject
Global
	GlobalSection(SolutionConfigurationPlatforms) = preSolution
		Debug|Any CPU = Debug|Any CPU
		Release|Any CPU = Release|Any CPU
	EndGlobalSection
	GlobalSection(ProjectConfigurationPlatforms) = postSolution
		{40E02CFD-AA85-49BF-A52C-C128924036FF}.Debug|Any CPU.ActiveCfg = Debug|Any CPU
		{40E02CFD-AA85-49BF-A52C-C128924036FF}.Debug|Any CPU.Build.0 = Debug|Any CPU
		{40E02CFD-AA85-49BF-A52C-C128924036FF}.Release|Any CPU.ActiveCfg = Release|Any CPU
		{40E02CFD-AA85-49BF-A52C-C128924036FF}.Release|Any CPU.Build.0 = Release|Any CPU
		{0F284EBF-7551-40CE-B50E-CE7D8D2B7019}.Debug|Any CPU.ActiveCfg = Debug|Any CPU
		{0F284EBF-7551-40CE-B50E-CE7D8D2B7019}.Debug|Any CPU.Build.0 = Debug|Any CPU
		{0F284EBF-7551-40CE-B50E-CE7D8D2B7019}.Release|Any CPU.ActiveCfg = Release|Any CPU
		{0F284EBF-7551-40CE-B50E-CE7D8D2B7019}.Release|Any CPU.Build.0 = Release|Any CPU
		{D5C853E6-E9CA-4414-A99F-A81DE271E94D}.Debug|Any CPU.ActiveCfg = Debug|Any CPU
		{D5C853E6-E9CA-4414-A99F-A81DE271E94D}.Debug|Any CPU.Build.0 = Debug|Any CPU
		{D5C853E6-E9CA-4414-A99F-A81DE271E94D}.Release|Any CPU.ActiveCfg = Release|Any CPU
		{D5C853E6-E9CA-4414-A99F-A81DE271E94D}.Release|Any CPU.Build.0 = Release|Any CPU
	EndGlobalSection
	GlobalSection(SolutionProperties) = preSolution
		HideSolutionNode = FALSE
	EndGlobalSection
	GlobalSection(ExtensibilityGlobals) = postSolution
		SolutionGuid = {7D2946C4-066E-4EEE-BE13-7C3E64088E0A}
	EndGlobalSection
EndGlobal
